
Microsoft Visual Studio Solution File, Format Version 12.00
# Visual Studio Version 17
VisualStudioVersion = 17.6.33712.159
MinimumVisualStudioVersion = 10.0.40219.1
Project("{FAE04EC0-301F-11D3-BF4B-00C04F79EFBC}") = "WebApplication1", "WebApplication1\WebApplication1.csproj", "{B26C3B8B-6E9B-48D5-BF4C-1A867107B133}"
EndProject
Global
	GlobalSection(SolutionConfigurationPlatforms) = preSolution
		Debug|Any CPU = Debug|Any CPU
		Release|Any CPU = Release|Any CPU
	EndGlobalSection
	GlobalSection(ProjectConfigurationPlatforms) = postSolution
		{B26C3B8B-6E9B-48D5-BF4C-1A867107B133}.Debug|Any CPU.ActiveCfg = Debug|Any CPU
		{B26C3B8B-6E9B-48D5-BF4C-1A867107B133}.Debug|Any CPU.Build.0 = Debug|Any CPU
		{B26C3B8B-6E9B-48D5-BF4C-1A867107B133}.Release|Any CPU.ActiveCfg = Release|Any CPU
		{B26C3B8B-6E9B-48D5-BF4C-1A867107B133}.Release|Any CPU.Build.0 = Release|Any CPU
	EndGlobalSection
	GlobalSection(SolutionProperties) = preSolution
		HideSolutionNode = FALSE
	EndGlobalSection
	GlobalSection(ExtensibilityGlobals) = postSolution
		SolutionGuid = {6A213742-3385-4981-B32A-1E22CB4D754C}
	EndGlobalSection
EndGlobal
